# This file is automatically @generated by Cargo.
# It is not intended for manual editing.
version = 4

[[package]]
name = "app"
version = "0.1.0"
dependencies = [
 "kernel",
 "loads",
]

[[package]]
name = "kernel"
version = "0.1.0"

[[package]]
name = "loads"
version = "0.1.0"
dependencies = [
 "kernel",
]
